
Microsoft Visual Studio Solution File, Format Version 12.00
# Visual Studio Version 17
VisualStudioVersion = 17.2.32616.157
MinimumVisualStudioVersion = 10.0.40219.1
Project("{FAE04EC0-301F-11D3-BF4B-00C04F79EFBC}") = "Animaux", "Animaux\Animaux.csproj", "{AB2016B0-0F05-421E-82B5-C423AF2E0CB5}"
EndProject
Global
	GlobalSection(SolutionConfigurationPlatforms) = preSolution
		Debug|Any CPU = Debug|Any CPU
		Release|Any CPU = Release|Any CPU
	EndGlobalSection
	GlobalSection(ProjectConfigurationPlatforms) = postSolution
		{AB2016B0-0F05-421E-82B5-C423AF2E0CB5}.Debug|Any CPU.ActiveCfg = Debug|Any CPU
		{AB2016B0-0F05-421E-82B5-C423AF2E0CB5}.Debug|Any CPU.Build.0 = Debug|Any CPU
		{AB2016B0-0F05-421E-82B5-C423AF2E0CB5}.Release|Any CPU.ActiveCfg = Release|Any CPU
		{AB2016B0-0F05-421E-82B5-C423AF2E0CB5}.Release|Any CPU.Build.0 = Release|Any CPU
	EndGlobalSection
	GlobalSection(SolutionProperties) = preSolution
		HideSolutionNode = FALSE
	EndGlobalSection
	GlobalSection(ExtensibilityGlobals) = postSolution
		SolutionGuid = {AEE8377A-AB45-4D68-881A-9D03E7B7D944}
	EndGlobalSection
EndGlobal
